
Microsoft Visual Studio Solution File, Format Version 12.00
# Visual Studio 15
VisualStudioVersion = 15.0.26124.0
MinimumVisualStudioVersion = 15.0.26124.0
Project("{9A19103F-16F7-4668-BE54-9A1E7A4F7556}") = "Invest.App", "Invest.App\Invest.App.csproj", "{13D8F2FA-E19A-4BC1-B647-8375B4EB612F}"
EndProject
Project("{9A19103F-16F7-4668-BE54-9A1E7A4F7556}") = "Invest.Core", "Invest.Core\Invest.Core.csproj", "{1D0AB5D0-89FE-43ED-B73E-82432865CE19}"
EndProject
Project("{9A19103F-16F7-4668-BE54-9A1E7A4F7556}") = "Invest.Common", "Invest.Common\Invest.Common.csproj", "{E39BA9C5-5FAE-4335-86F0-FC5A8841FE49}"
EndProject
Project("{2150E333-8FDC-42A3-9474-1A3956D46DE8}") = "Data", "Data", "{D5F2B5A1-3CD6-4A4B-9059-61F90A90E5A0}"
	ProjectSection(SolutionItems) = preProject
		Data\invest.db = Data\invest.db
		Data\invest.db.sqbpro = Data\invest.db.sqbpro
	EndProjectSection
EndProject
Project("{2150E333-8FDC-42A3-9474-1A3956D46DE8}") = "Lib", "Lib", "{973814DC-D796-488D-ADF2-FD574939F216}"
	ProjectSection(SolutionItems) = preProject
		Lib\readme.txt = Lib\readme.txt
	EndProjectSection
EndProject
Project("{9A19103F-16F7-4668-BE54-9A1E7A4F7556}") = "NCommand", "Lib\NCommand\NCommand.csproj", "{016FF14F-A94F-4DCB-9737-25E9F6F61C86}"
EndProject
Project("{9A19103F-16F7-4668-BE54-9A1E7A4F7556}") = "NCommand.Console", "Lib\NCommand.Console\NCommand.Console.csproj", "{2D009F92-0E9D-487B-B8C0-0408BABEF418}"
EndProject
Project("{2150E333-8FDC-42A3-9474-1A3956D46DE8}") = "Test", "Test", "{1626C3D6-3DCB-45E4-9BC7-C242E19832B6}"
EndProject
Project("{9A19103F-16F7-4668-BE54-9A1E7A4F7556}") = "Invest.Test.Core", "Test\Invest.Test.Core\Invest.Test.Core.csproj", "{D87E42F0-BCC4-48AF-8723-74A2B8CBC4A3}"
EndProject
Project("{2150E333-8FDC-42A3-9474-1A3956D46DE8}") = "script", "script", "{722C3772-50EE-4593-9095-444E357123CC}"
	ProjectSection(SolutionItems) = preProject
		script\docker-compose.yml = script\docker-compose.yml
		script\Dockerfile = script\Dockerfile
	EndProjectSection
EndProject
Global
	GlobalSection(SolutionConfigurationPlatforms) = preSolution
		Debug|Any CPU = Debug|Any CPU
		Debug|x64 = Debug|x64
		Debug|x86 = Debug|x86
		Release|Any CPU = Release|Any CPU
		Release|x64 = Release|x64
		Release|x86 = Release|x86
	EndGlobalSection
	GlobalSection(ProjectConfigurationPlatforms) = postSolution
		{13D8F2FA-E19A-4BC1-B647-8375B4EB612F}.Debug|Any CPU.ActiveCfg = Debug|Any CPU
		{13D8F2FA-E19A-4BC1-B647-8375B4EB612F}.Debug|Any CPU.Build.0 = Debug|Any CPU
		{13D8F2FA-E19A-4BC1-B647-8375B4EB612F}.Debug|x64.ActiveCfg = Debug|Any CPU
		{13D8F2FA-E19A-4BC1-B647-8375B4EB612F}.Debug|x64.Build.0 = Debug|Any CPU
		{13D8F2FA-E19A-4BC1-B647-8375B4EB612F}.Debug|x86.ActiveCfg = Debug|Any CPU
		{13D8F2FA-E19A-4BC1-B647-8375B4EB612F}.Debug|x86.Build.0 = Debug|Any CPU
		{13D8F2FA-E19A-4BC1-B647-8375B4EB612F}.Release|Any CPU.ActiveCfg = Release|Any CPU
		{13D8F2FA-E19A-4BC1-B647-8375B4EB612F}.Release|Any CPU.Build.0 = Release|Any CPU
		{13D8F2FA-E19A-4BC1-B647-8375B4EB612F}.Release|x64.ActiveCfg = Release|Any CPU
		{13D8F2FA-E19A-4BC1-B647-8375B4EB612F}.Release|x64.Build.0 = Release|Any CPU
		{13D8F2FA-E19A-4BC1-B647-8375B4EB612F}.Release|x86.ActiveCfg = Release|Any CPU
		{13D8F2FA-E19A-4BC1-B647-8375B4EB612F}.Release|x86.Build.0 = Release|Any CPU
		{1D0AB5D0-89FE-43ED-B73E-82432865CE19}.Debug|Any CPU.ActiveCfg = Debug|Any CPU
		{1D0AB5D0-89FE-43ED-B73E-82432865CE19}.Debug|Any CPU.Build.0 = Debug|Any CPU
		{1D0AB5D0-89FE-43ED-B73E-82432865CE19}.Debug|x64.ActiveCfg = Debug|Any CPU
		{1D0AB5D0-89FE-43ED-B73E-82432865CE19}.Debug|x64.Build.0 = Debug|Any CPU
		{1D0AB5D0-89FE-43ED-B73E-82432865CE19}.Debug|x86.ActiveCfg = Debug|Any CPU
		{1D0AB5D0-89FE-43ED-B73E-82432865CE19}.Debug|x86.Build.0 = Debug|Any CPU
		{1D0AB5D0-89FE-43ED-B73E-82432865CE19}.Release|Any CPU.ActiveCfg = Release|Any CPU
		{1D0AB5D0-89FE-43ED-B73E-82432865CE19}.Release|Any CPU.Build.0 = Release|Any CPU
		{1D0AB5D0-89FE-43ED-B73E-82432865CE19}.Release|x64.ActiveCfg = Release|Any CPU
		{1D0AB5D0-89FE-43ED-B73E-82432865CE19}.Release|x64.Build.0 = Release|Any CPU
		{1D0AB5D0-89FE-43ED-B73E-82432865CE19}.Release|x86.ActiveCfg = Release|Any CPU
		{1D0AB5D0-89FE-43ED-B73E-82432865CE19}.Release|x86.Build.0 = Release|Any CPU
		{E39BA9C5-5FAE-4335-86F0-FC5A8841FE49}.Debug|Any CPU.ActiveCfg = Debug|Any CPU
		{E39BA9C5-5FAE-4335-86F0-FC5A8841FE49}.Debug|Any CPU.Build.0 = Debug|Any CPU
		{E39BA9C5-5FAE-4335-86F0-FC5A8841FE49}.Debug|x64.ActiveCfg = Debug|Any CPU
		{E39BA9C5-5FAE-4335-86F0-FC5A8841FE49}.Debug|x64.Build.0 = Debug|Any CPU
		{E39BA9C5-5FAE-4335-86F0-FC5A8841FE49}.Debug|x86.ActiveCfg = Debug|Any CPU
		{E39BA9C5-5FAE-4335-86F0-FC5A8841FE49}.Debug|x86.Build.0 = Debug|Any CPU
		{E39BA9C5-5FAE-4335-86F0-FC5A8841FE49}.Release|Any CPU.ActiveCfg = Release|Any CPU
		{E39BA9C5-5FAE-4335-86F0-FC5A8841FE49}.Release|Any CPU.Build.0 = Release|Any CPU
		{E39BA9C5-5FAE-4335-86F0-FC5A8841FE49}.Release|x64.ActiveCfg = Release|Any CPU
		{E39BA9C5-5FAE-4335-86F0-FC5A8841FE49}.Release|x64.Build.0 = Release|Any CPU
		{E39BA9C5-5FAE-4335-86F0-FC5A8841FE49}.Release|x86.ActiveCfg = Release|Any CPU
		{E39BA9C5-5FAE-4335-86F0-FC5A8841FE49}.Release|x86.Build.0 = Release|Any CPU
		{016FF14F-A94F-4DCB-9737-25E9F6F61C86}.Debug|Any CPU.ActiveCfg = Debug|Any CPU
		{016FF14F-A94F-4DCB-9737-25E9F6F61C86}.Debug|Any CPU.Build.0 = Debug|Any CPU
		{016FF14F-A94F-4DCB-9737-25E9F6F61C86}.Debug|x64.ActiveCfg = Debug|Any CPU
		{016FF14F-A94F-4DCB-9737-25E9F6F61C86}.Debug|x64.Build.0 = Debug|Any CPU
		{016FF14F-A94F-4DCB-9737-25E9F6F61C86}.Debug|x86.ActiveCfg = Debug|Any CPU
		{016FF14F-A94F-4DCB-9737-25E9F6F61C86}.Debug|x86.Build.0 = Debug|Any CPU
		{016FF14F-A94F-4DCB-9737-25E9F6F61C86}.Release|Any CPU.ActiveCfg = Release|Any CPU
		{016FF14F-A94F-4DCB-9737-25E9F6F61C86}.Release|Any CPU.Build.0 = Release|Any CPU
		{016FF14F-A94F-4DCB-9737-25E9F6F61C86}.Release|x64.ActiveCfg = Release|Any CPU
		{016FF14F-A94F-4DCB-9737-25E9F6F61C86}.Release|x64.Build.0 = Release|Any CPU
		{016FF14F-A94F-4DCB-9737-25E9F6F61C86}.Release|x86.ActiveCfg = Release|Any CPU
		{016FF14F-A94F-4DCB-9737-25E9F6F61C86}.Release|x86.Build.0 = Release|Any CPU
		{2D009F92-0E9D-487B-B8C0-0408BABEF418}.Debug|Any CPU.ActiveCfg = Debug|Any CPU
		{2D009F92-0E9D-487B-B8C0-0408BABEF418}.Debug|Any CPU.Build.0 = Debug|Any CPU
		{2D009F92-0E9D-487B-B8C0-0408BABEF418}.Debug|x64.ActiveCfg = Debug|Any CPU
		{2D009F92-0E9D-487B-B8C0-0408BABEF418}.Debug|x64.Build.0 = Debug|Any CPU
		{2D009F92-0E9D-487B-B8C0-0408BABEF418}.Debug|x86.ActiveCfg = Debug|Any CPU
		{2D009F92-0E9D-487B-B8C0-0408BABEF418}.Debug|x86.Build.0 = Debug|Any CPU
		{2D009F92-0E9D-487B-B8C0-0408BABEF418}.Release|Any CPU.ActiveCfg = Release|Any CPU
		{2D009F92-0E9D-487B-B8C0-0408BABEF418}.Release|Any CPU.Build.0 = Release|Any CPU
		{2D009F92-0E9D-487B-B8C0-0408BABEF418}.Release|x64.ActiveCfg = Release|Any CPU
		{2D009F92-0E9D-487B-B8C0-0408BABEF418}.Release|x64.Build.0 = Release|Any CPU
		{2D009F92-0E9D-487B-B8C0-0408BABEF418}.Release|x86.ActiveCfg = Release|Any CPU
		{2D009F92-0E9D-487B-B8C0-0408BABEF418}.Release|x86.Build.0 = Release|Any CPU
		{D87E42F0-BCC4-48AF-8723-74A2B8CBC4A3}.Debug|Any CPU.ActiveCfg = Debug|Any CPU
		{D87E42F0-BCC4-48AF-8723-74A2B8CBC4A3}.Debug|Any CPU.Build.0 = Debug|Any CPU
		{D87E42F0-BCC4-48AF-8723-74A2B8CBC4A3}.Debug|x64.ActiveCfg = Debug|Any CPU
		{D87E42F0-BCC4-48AF-8723-74A2B8CBC4A3}.Debug|x64.Build.0 = Debug|Any CPU
		{D87E42F0-BCC4-48AF-8723-74A2B8CBC4A3}.Debug|x86.ActiveCfg = Debug|Any CPU
		{D87E42F0-BCC4-48AF-8723-74A2B8CBC4A3}.Debug|x86.Build.0 = Debug|Any CPU
		{D87E42F0-BCC4-48AF-8723-74A2B8CBC4A3}.Release|Any CPU.ActiveCfg = Release|Any CPU
		{D87E42F0-BCC4-48AF-8723-74A2B8CBC4A3}.Release|Any CPU.Build.0 = Release|Any CPU
		{D87E42F0-BCC4-48AF-8723-74A2B8CBC4A3}.Release|x64.ActiveCfg = Release|Any CPU
		{D87E42F0-BCC4-48AF-8723-74A2B8CBC4A3}.Release|x64.Build.0 = Release|Any CPU
		{D87E42F0-BCC4-48AF-8723-74A2B8CBC4A3}.Release|x86.ActiveCfg = Release|Any CPU
		{D87E42F0-BCC4-48AF-8723-74A2B8CBC4A3}.Release|x86.Build.0 = Release|Any CPU
	EndGlobalSection
	GlobalSection(SolutionProperties) = preSolution
		HideSolutionNode = FALSE
	EndGlobalSection
	GlobalSection(NestedProjects) = preSolution
		{016FF14F-A94F-4DCB-9737-25E9F6F61C86} = {973814DC-D796-488D-ADF2-FD574939F216}
		{2D009F92-0E9D-487B-B8C0-0408BABEF418} = {973814DC-D796-488D-ADF2-FD574939F216}
		{D87E42F0-BCC4-48AF-8723-74A2B8CBC4A3} = {1626C3D6-3DCB-45E4-9BC7-C242E19832B6}
	EndGlobalSection
	GlobalSection(ExtensibilityGlobals) = postSolution
		SolutionGuid = {07500606-02FD-4E60-8CDF-62477ED96A31}
	EndGlobalSection
EndGlobal
